Microsoft Visual Studio Solution File, Format Version 12.00
# Visual Studio Version 16
VisualStudioVersion = 16.0.30523.141
MinimumVisualStudioVersion = 10.0.40219.1
Project("{FAE04EC0-301F-11D3-BF4B-00C04F79EFBC}") = "SPDVIWExercises1_Exercice1", "SPDVIWExercises1_Exercice1\SPDVIWExercises1_Exercice1.csproj", "{9793D372-F15D-4AAA-80CD-FBA2EFB185DA}"
EndProject
Project("{FAE04EC0-301F-11D3-BF4B-00C04F79EFBC}") = "SPDVIWExercises1_Exercise2", "SPDVIWExercises1_Exercise2\SPDVIWExercises1_Exercise2.csproj", "{D1BCFCB3-ED2C-41F1-ACCF-9AB61A381FCE}"
EndProject
Project("{FAE04EC0-301F-11D3-BF4B-00C04F79EFBC}") = "SPDVIWExercises1_Exercise3", "SPDVIWExercises1_Exercise3\SPDVIWExercises1_Exercise3.csproj", "{433816B4-4488-4CD4-8524-89316A19FF62}"
EndProject
Project("{FAE04EC0-301F-11D3-BF4B-00C04F79EFBC}") = "SPDVIWExercises1_Exercise4a", "SPDVIWExercises1_Exercise4a\SPDVIWExercises1_Exercise4a.csproj", "{522D18BD-EC24-4742-89D6-AC59279D949A}"
EndProject
Project("{FAE04EC0-301F-11D3-BF4B-00C04F79EFBC}") = "SPDVIWExercises1_Exercise4b", "SPDVIWExercises1_Exercise4b\SPDVIWExercises1_Exercise4b.csproj", "{5B72469E-198B-4026-AC98-3FC96C74C909}"
EndProject
Project("{FAE04EC0-301F-11D3-BF4B-00C04F79EFBC}") = "SPDVIWExercises1_Exercise5", "SPDVIWExercises1_Exercise5\SPDVIWExercises1_Exercise5.csproj", "{709420BF-78E5-4591-86E3-B767C9F43AF4}"
EndProject
Project("{FAE04EC0-301F-11D3-BF4B-00C04F79EFBC}") = "SPDVIWExercises1_Exercise6", "SPDVIWExercises1_Exercise6\SPDVIWExercises1_Exercise6.csproj", "{251807C5-98BE-449D-A2F6-DB636AB74802}"
EndProject
Project("{FAE04EC0-301F-11D3-BF4B-00C04F79EFBC}") = "SPDVIWExercises1_Exercise7", "SPDVIWExercises1_Exercise7\SPDVIWExercises1_Exercise7.csproj", "{BFE94099-1745-4266-9731-A7CE3EE29AC6}"
EndProject
Project("{FAE04EC0-301F-11D3-BF4B-00C04F79EFBC}") = "SPDVIWExercises1_Exercise8", "SPDVIWExercises1_Exercise8\SPDVIWExercises1_Exercise8.csproj", "{273754FE-8ECA-49AD-9702-D01F2646E65C}"
EndProject
Project("{FAE04EC0-301F-11D3-BF4B-00C04F79EFBC}") = "SPDVIWExercises1_Exercise9", "SPDVIWExercises1_Exercise9\SPDVIWExercises1_Exercise9.csproj", "{D66E7977-20EB-4780-8B5D-9672692CECE0}"
EndProject
Global
	GlobalSection(SolutionConfigurationPlatforms) = preSolution
		Debug|Any CPU = Debug|Any CPU
		Release|Any CPU = Release|Any CPU
	EndGlobalSection
	GlobalSection(ProjectConfigurationPlatforms) = postSolution
		{9793D372-F15D-4AAA-80CD-FBA2EFB185DA}.Debug|Any CPU.ActiveCfg = Debug|Any CPU
		{9793D372-F15D-4AAA-80CD-FBA2EFB185DA}.Debug|Any CPU.Build.0 = Debug|Any CPU
		{9793D372-F15D-4AAA-80CD-FBA2EFB185DA}.Release|Any CPU.ActiveCfg = Release|Any CPU
		{9793D372-F15D-4AAA-80CD-FBA2EFB185DA}.Release|Any CPU.Build.0 = Release|Any CPU
		{D1BCFCB3-ED2C-41F1-ACCF-9AB61A381FCE}.Debug|Any CPU.ActiveCfg = Debug|Any CPU
		{D1BCFCB3-ED2C-41F1-ACCF-9AB61A381FCE}.Debug|Any CPU.Build.0 = Debug|Any CPU
		{D1BCFCB3-ED2C-41F1-ACCF-9AB61A381FCE}.Release|Any CPU.ActiveCfg = Release|Any CPU
		{D1BCFCB3-ED2C-41F1-ACCF-9AB61A381FCE}.Release|Any CPU.Build.0 = Release|Any CPU
		{433816B4-4488-4CD4-8524-89316A19FF62}.Debug|Any CPU.ActiveCfg = Debug|Any CPU
		{433816B4-4488-4CD4-8524-89316A19FF62}.Debug|Any CPU.Build.0 = Debug|Any CPU
		{433816B4-4488-4CD4-8524-89316A19FF62}.Release|Any CPU.ActiveCfg = Release|Any CPU
		{433816B4-4488-4CD4-8524-89316A19FF62}.Release|Any CPU.Build.0 = Release|Any CPU
		{522D18BD-EC24-4742-89D6-AC59279D949A}.Debug|Any CPU.ActiveCfg = Debug|Any CPU
		{522D18BD-EC24-4742-89D6-AC59279D949A}.Debug|Any CPU.Build.0 = Debug|Any CPU
		{522D18BD-EC24-4742-89D6-AC59279D949A}.Release|Any CPU.ActiveCfg = Release|Any CPU
		{522D18BD-EC24-4742-89D6-AC59279D949A}.Release|Any CPU.Build.0 = Release|Any CPU
		{5B72469E-198B-4026-AC98-3FC96C74C909}.Debug|Any CPU.ActiveCfg = Debug|Any CPU
		{5B72469E-198B-4026-AC98-3FC96C74C909}.Debug|Any CPU.Build.0 = Debug|Any CPU
		{5B72469E-198B-4026-AC98-3FC96C74C909}.Release|Any CPU.ActiveCfg = Release|Any CPU
		{5B72469E-198B-4026-AC98-3FC96C74C909}.Release|Any CPU.Build.0 = Release|Any CPU
		{709420BF-78E5-4591-86E3-B767C9F43AF4}.Debug|Any CPU.ActiveCfg = Debug|Any CPU
		{709420BF-78E5-4591-86E3-B767C9F43AF4}.Debug|Any CPU.Build.0 = Debug|Any CPU
		{709420BF-78E5-4591-86E3-B767C9F43AF4}.Release|Any CPU.ActiveCfg = Release|Any CPU
		{709420BF-78E5-4591-86E3-B767C9F43AF4}.Release|Any CPU.Build.0 = Release|Any CPU
		{251807C5-98BE-449D-A2F6-DB636AB74802}.Debug|Any CPU.ActiveCfg = Debug|Any CPU
		{251807C5-98BE-449D-A2F6-DB636AB74802}.Debug|Any CPU.Build.0 = Debug|Any CPU
		{251807C5-98BE-449D-A2F6-DB636AB74802}.Release|Any CPU.ActiveCfg = Release|Any CPU
		{251807C5-98BE-449D-A2F6-DB636AB74802}.Release|Any CPU.Build.0 = Release|Any CPU
		{BFE94099-1745-4266-9731-A7CE3EE29AC6}.Debug|Any CPU.ActiveCfg = Debug|Any CPU
		{BFE94099-1745-4266-9731-A7CE3EE29AC6}.Debug|Any CPU.Build.0 = Debug|Any CPU
		{BFE94099-1745-4266-9731-A7CE3EE29AC6}.Release|Any CPU.ActiveCfg = Release|Any CPU
		{BFE94099-1745-4266-9731-A7CE3EE29AC6}.Release|Any CPU.Build.0 = Release|Any CPU
		{273754FE-8ECA-49AD-9702-D01F2646E65C}.Debug|Any CPU.ActiveCfg = Debug|Any CPU
		{273754FE-8ECA-49AD-9702-D01F2646E65C}.Debug|Any CPU.Build.0 = Debug|Any CPU
		{273754FE-8ECA-49AD-9702-D01F2646E65C}.Release|Any CPU.ActiveCfg = Release|Any CPU
		{273754FE-8ECA-49AD-9702-D01F2646E65C}.Release|Any CPU.Build.0 = Release|Any CPU
		{D66E7977-20EB-4780-8B5D-9672692CECE0}.Debug|Any CPU.ActiveCfg = Debug|Any CPU
		{D66E7977-20EB-4780-8B5D-9672692CECE0}.Debug|Any CPU.Build.0 = Debug|Any CPU
		{D66E7977-20EB-4780-8B5D-9672692CECE0}.Release|Any CPU.ActiveCfg = Release|Any CPU
		{D66E7977-20EB-4780-8B5D-9672692CECE0}.Release|Any CPU.Build.0 = Release|Any CPU
	EndGlobalSection
	GlobalSection(SolutionProperties) = preSolution
		HideSolutionNode = FALSE
	EndGlobalSection
	GlobalSection(ExtensibilityGlobals) = postSolution
		SolutionGuid = {B26ED7B2-F443-4C46-896C-004B06274DB4}
	EndGlobalSection
EndGlobal
